
Microsoft Visual Studio Solution File, Format Version 12.00
# Visual Studio Version 17
VisualStudioVersion = 17.3.32929.385
MinimumVisualStudioVersion = 10.0.40219.1
Project("{FAE04EC0-301F-11D3-BF4B-00C04F79EFBC}") = "Task1", "Task1\Task1.csproj", "{991564DD-0B77-4F53-AE9D-0D8B7C47AB78}"
EndProject
Global
	GlobalSection(SolutionConfigurationPlatforms) = preSolution
		Debug|Any CPU = Debug|Any CPU
		Release|Any CPU = Release|Any CPU
	EndGlobalSection
	GlobalSection(ProjectConfigurationPlatforms) = postSolution
		{991564DD-0B77-4F53-AE9D-0D8B7C47AB78}.Debug|Any CPU.ActiveCfg = Debug|Any CPU
		{991564DD-0B77-4F53-AE9D-0D8B7C47AB78}.Debug|Any CPU.Build.0 = Debug|Any CPU
		{991564DD-0B77-4F53-AE9D-0D8B7C47AB78}.Release|Any CPU.ActiveCfg = Release|Any CPU
		{991564DD-0B77-4F53-AE9D-0D8B7C47AB78}.Release|Any CPU.Build.0 = Release|Any CPU
	EndGlobalSection
	GlobalSection(SolutionProperties) = preSolution
		HideSolutionNode = FALSE
	EndGlobalSection
	GlobalSection(ExtensibilityGlobals) = postSolution
		SolutionGuid = {95F316C9-2281-4B83-A06A-1E0D21A88969}
	EndGlobalSection
EndGlobal
